
Microsoft Visual Studio Solution File, Format Version 12.00
# Visual Studio Version 17
VisualStudioVersion = 17.5.001.0
MinimumVisualStudioVersion = 10.0.40219.1
Project("{2150E333-8FDC-42A3-9474-1A3956D46DE8}") = "csharp-prep", "csharp-prep", "{00784FED-89A6-448E-AB0D-4063CC6B4B05}"
EndProject
Project("{9A19103F-16F7-4668-BE54-9A1E7A4F7556}") = "Prep1", "csharp-prep\Prep1\Prep1.csproj", "{0D1FBE30-745E-4504-9C20-579F38A7BC35}"
EndProject
Project("{9A19103F-16F7-4668-BE54-9A1E7A4F7556}") = "Prep2", "csharp-prep\Prep2\Prep2.csproj", "{0C0E9C68-6F22-4883-8993-6BFC1BDB99BD}"
EndProject
Project("{9A19103F-16F7-4668-BE54-9A1E7A4F7556}") = "Prep3", "csharp-prep\Prep3\Prep3.csproj", "{4FE9F9B9-0D47-4E99-B8DB-03F75C2B55C7}"
EndProject
Project("{9A19103F-16F7-4668-BE54-9A1E7A4F7556}") = "Prep4", "csharp-prep\Prep4\Prep4.csproj", "{9B3CFDE3-B457-425B-8807-47FD59FF6D4D}"
EndProject
Project("{9A19103F-16F7-4668-BE54-9A1E7A4F7556}") = "Prep5", "csharp-prep\Prep5\Prep5.csproj", "{9C05C52C-B791-4A19-9072-36BF1F744295}"
EndProject
Project("{2150E333-8FDC-42A3-9474-1A3956D46DE8}") = "final", "final", "{4AC7BDDE-57E0-41F6-B99F-711C8779C667}"
EndProject
Project("{9A19103F-16F7-4668-BE54-9A1E7A4F7556}") = "FinalProject", "final\FinalProject\FinalProject.csproj", "{38C11F4D-42E2-450C-ACBF-5FE7AE93892E}"
EndProject
Project("{9A19103F-16F7-4668-BE54-9A1E7A4F7556}") = "Foundation1", "final\Foundation1\Foundation1.csproj", "{43525ABE-B9EF-4EF8-B1DE-545BADE2E65B}"
EndProject
Project("{9A19103F-16F7-4668-BE54-9A1E7A4F7556}") = "Foundation2", "final\Foundation2\Foundation2.csproj", "{AF901141-3B63-4753-AD57-617742FB7CFC}"
EndProject
Project("{9A19103F-16F7-4668-BE54-9A1E7A4F7556}") = "Foundation3", "final\Foundation3\Foundation3.csproj", "{A4FEEA1A-5E8F-4ECC-B45F-8A19A526730D}"
EndProject
Project("{9A19103F-16F7-4668-BE54-9A1E7A4F7556}") = "Foundation4", "final\Foundation4\Foundation4.csproj", "{89A371BF-F86D-4AA1-9170-05DD51F8D7D6}"
EndProject
Project("{2150E333-8FDC-42A3-9474-1A3956D46DE8}") = "prepare", "prepare", "{33AB71D7-D3A1-4B13-A081-F4BFCE4136B9}"
EndProject
Project("{9A19103F-16F7-4668-BE54-9A1E7A4F7556}") = "Learning02", "prepare\Learning02\Learning02.csproj", "{F9B0FF4F-9539-476F-AFCA-06BD566291B6}"
EndProject
Project("{9A19103F-16F7-4668-BE54-9A1E7A4F7556}") = "Learning03", "prepare\Learning03\Learning03.csproj", "{0F2A99E8-8932-4B93-85DC-36E9F9DFD4B6}"
EndProject
Project("{9A19103F-16F7-4668-BE54-9A1E7A4F7556}") = "Learning04", "prepare\Learning04\Learning04.csproj", "{5C4D1B20-AE22-4688-B4A8-4AED718A2C6F}"
EndProject
Project("{9A19103F-16F7-4668-BE54-9A1E7A4F7556}") = "Learning05", "prepare\Learning05\Learning05.csproj", "{224D7785-C57B-41C4-A493-5111B96CCE3B}"
EndProject
Project("{2150E333-8FDC-42A3-9474-1A3956D46DE8}") = "prove", "prove", "{9F8B0223-B662-44B4-A6E5-F1F158B5B209}"
EndProject
Project("{9A19103F-16F7-4668-BE54-9A1E7A4F7556}") = "Develop02", "prove\Develop02\Develop02.csproj", "{C49FF41C-C8AE-4EAB-8A14-3F33D3CA4123}"
EndProject
Project("{9A19103F-16F7-4668-BE54-9A1E7A4F7556}") = "Develop03", "prove\Develop03\Develop03.csproj", "{0C3D9C4A-8BEA-4A3F-8097-83A67C31ED4E}"
EndProject
Project("{9A19103F-16F7-4668-BE54-9A1E7A4F7556}") = "Develop04", "prove\Develop04\Develop04.csproj", "{F9E72779-C82E-46E6-8C5B-3BA019196D77}"
EndProject
Project("{9A19103F-16F7-4668-BE54-9A1E7A4F7556}") = "Develop05", "prove\Develop05\Develop05.csproj", "{959958FD-2803-48F0-BA6F-3B8D3CAD5B47}"
EndProject
Project("{2150E333-8FDC-42A3-9474-1A3956D46DE8}") = "sandbox", "sandbox", "{31B42EFA-CDCC-486B-8E19-57F1939BC87A}"
EndProject
Project("{9A19103F-16F7-4668-BE54-9A1E7A4F7556}") = "Sandbox", "sandbox\Sandbox\Sandbox.csproj", "{2389CC77-466F-45E9-AB6E-B63B7A4FEA6E}"
EndProject
Global
	GlobalSection(SolutionConfigurationPlatforms) = preSolution
		Debug|Any CPU = Debug|Any CPU
		Release|Any CPU = Release|Any CPU
	EndGlobalSection
	GlobalSection(ProjectConfigurationPlatforms) = postSolution
		{0D1FBE30-745E-4504-9C20-579F38A7BC35}.Debug|Any CPU.ActiveCfg = Debug|Any CPU
		{0D1FBE30-745E-4504-9C20-579F38A7BC35}.Debug|Any CPU.Build.0 = Debug|Any CPU
		{0D1FBE30-745E-4504-9C20-579F38A7BC35}.Release|Any CPU.ActiveCfg = Release|Any CPU
		{0D1FBE30-745E-4504-9C20-579F38A7BC35}.Release|Any CPU.Build.0 = Release|Any CPU
		{0C0E9C68-6F22-4883-8993-6BFC1BDB99BD}.Debug|Any CPU.ActiveCfg = Debug|Any CPU
		{0C0E9C68-6F22-4883-8993-6BFC1BDB99BD}.Debug|Any CPU.Build.0 = Debug|Any CPU
		{0C0E9C68-6F22-4883-8993-6BFC1BDB99BD}.Release|Any CPU.ActiveCfg = Release|Any CPU
		{0C0E9C68-6F22-4883-8993-6BFC1BDB99BD}.Release|Any CPU.Build.0 = Release|Any CPU
		{4FE9F9B9-0D47-4E99-B8DB-03F75C2B55C7}.Debug|Any CPU.ActiveCfg = Debug|Any CPU
		{4FE9F9B9-0D47-4E99-B8DB-03F75C2B55C7}.Debug|Any CPU.Build.0 = Debug|Any CPU
		{4FE9F9B9-0D47-4E99-B8DB-03F75C2B55C7}.Release|Any CPU.ActiveCfg = Release|Any CPU
		{4FE9F9B9-0D47-4E99-B8DB-03F75C2B55C7}.Release|Any CPU.Build.0 = Release|Any CPU
		{9B3CFDE3-B457-425B-8807-47FD59FF6D4D}.Debug|Any CPU.ActiveCfg = Debug|Any CPU
		{9B3CFDE3-B457-425B-8807-47FD59FF6D4D}.Debug|Any CPU.Build.0 = Debug|Any CPU
		{9B3CFDE3-B457-425B-8807-47FD59FF6D4D}.Release|Any CPU.ActiveCfg = Release|Any CPU
		{9B3CFDE3-B457-425B-8807-47FD59FF6D4D}.Release|Any CPU.Build.0 = Release|Any CPU
		{9C05C52C-B791-4A19-9072-36BF1F744295}.Debug|Any CPU.ActiveCfg = Debug|Any CPU
		{9C05C52C-B791-4A19-9072-36BF1F744295}.Debug|Any CPU.Build.0 = Debug|Any CPU
		{9C05C52C-B791-4A19-9072-36BF1F744295}.Release|Any CPU.ActiveCfg = Release|Any CPU
		{9C05C52C-B791-4A19-9072-36BF1F744295}.Release|Any CPU.Build.0 = Release|Any CPU
		{38C11F4D-42E2-450C-ACBF-5FE7AE93892E}.Debug|Any CPU.ActiveCfg = Debug|Any CPU
		{38C11F4D-42E2-450C-ACBF-5FE7AE93892E}.Debug|Any CPU.Build.0 = Debug|Any CPU
		{38C11F4D-42E2-450C-ACBF-5FE7AE93892E}.Release|Any CPU.ActiveCfg = Release|Any CPU
		{38C11F4D-42E2-450C-ACBF-5FE7AE93892E}.Release|Any CPU.Build.0 = Release|Any CPU
		{43525ABE-B9EF-4EF8-B1DE-545BADE2E65B}.Debug|Any CPU.ActiveCfg = Debug|Any CPU
		{43525ABE-B9EF-4EF8-B1DE-545BADE2E65B}.Debug|Any CPU.Build.0 = Debug|Any CPU
		{43525ABE-B9EF-4EF8-B1DE-545BADE2E65B}.Release|Any CPU.ActiveCfg = Release|Any CPU
		{43525ABE-B9EF-4EF8-B1DE-545BADE2E65B}.Release|Any CPU.Build.0 = Release|Any CPU
		{AF901141-3B63-4753-AD57-617742FB7CFC}.Debug|Any CPU.ActiveCfg = Debug|Any CPU
		{AF901141-3B63-4753-AD57-617742FB7CFC}.Debug|Any CPU.Build.0 = Debug|Any CPU
		{AF901141-3B63-4753-AD57-617742FB7CFC}.Release|Any CPU.ActiveCfg = Release|Any CPU
		{AF901141-3B63-4753-AD57-617742FB7CFC}.Release|Any CPU.Build.0 = Release|Any CPU
		{A4FEEA1A-5E8F-4ECC-B45F-8A19A526730D}.Debug|Any CPU.ActiveCfg = Debug|Any CPU
		{A4FEEA1A-5E8F-4ECC-B45F-8A19A526730D}.Debug|Any CPU.Build.0 = Debug|Any CPU
		{A4FEEA1A-5E8F-4ECC-B45F-8A19A526730D}.Release|Any CPU.ActiveCfg = Release|Any CPU
		{A4FEEA1A-5E8F-4ECC-B45F-8A19A526730D}.Release|Any CPU.Build.0 = Release|Any CPU
		{89A371BF-F86D-4AA1-9170-05DD51F8D7D6}.Debug|Any CPU.ActiveCfg = Debug|Any CPU
		{89A371BF-F86D-4AA1-9170-05DD51F8D7D6}.Debug|Any CPU.Build.0 = Debug|Any CPU
		{89A371BF-F86D-4AA1-9170-05DD51F8D7D6}.Release|Any CPU.ActiveCfg = Release|Any CPU
		{89A371BF-F86D-4AA1-9170-05DD51F8D7D6}.Release|Any CPU.Build.0 = Release|Any CPU
		{F9B0FF4F-9539-476F-AFCA-06BD566291B6}.Debug|Any CPU.ActiveCfg = Debug|Any CPU
		{F9B0FF4F-9539-476F-AFCA-06BD566291B6}.Debug|Any CPU.Build.0 = Debug|Any CPU
		{F9B0FF4F-9539-476F-AFCA-06BD566291B6}.Release|Any CPU.ActiveCfg = Release|Any CPU
		{F9B0FF4F-9539-476F-AFCA-06BD566291B6}.Release|Any CPU.Build.0 = Release|Any CPU
		{0F2A99E8-8932-4B93-85DC-36E9F9DFD4B6}.Debug|Any CPU.ActiveCfg = Debug|Any CPU
		{0F2A99E8-8932-4B93-85DC-36E9F9DFD4B6}.Debug|Any CPU.Build.0 = Debug|Any CPU
		{0F2A99E8-8932-4B93-85DC-36E9F9DFD4B6}.Release|Any CPU.ActiveCfg = Release|Any CPU
		{0F2A99E8-8932-4B93-85DC-36E9F9DFD4B6}.Release|Any CPU.Build.0 = Release|Any CPU
		{5C4D1B20-AE22-4688-B4A8-4AED718A2C6F}.Debug|Any CPU.ActiveCfg = Debug|Any CPU
		{5C4D1B20-AE22-4688-B4A8-4AED718A2C6F}.Debug|Any CPU.Build.0 = Debug|Any CPU
		{5C4D1B20-AE22-4688-B4A8-4AED718A2C6F}.Release|Any CPU.ActiveCfg = Release|Any CPU
		{5C4D1B20-AE22-4688-B4A8-4AED718A2C6F}.Release|Any CPU.Build.0 = Release|Any CPU
		{224D7785-C57B-41C4-A493-5111B96CCE3B}.Debug|Any CPU.ActiveCfg = Debug|Any CPU
		{224D7785-C57B-41C4-A493-5111B96CCE3B}.Debug|Any CPU.Build.0 = Debug|Any CPU
		{224D7785-C57B-41C4-A493-5111B96CCE3B}.Release|Any CPU.ActiveCfg = Release|Any CPU
		{224D7785-C57B-41C4-A493-5111B96CCE3B}.Release|Any CPU.Build.0 = Release|Any CPU
		{C49FF41C-C8AE-4EAB-8A14-3F33D3CA4123}.Debug|Any CPU.ActiveCfg = Debug|Any CPU
		{C49FF41C-C8AE-4EAB-8A14-3F33D3CA4123}.Debug|Any CPU.Build.0 = Debug|Any CPU
		{C49FF41C-C8AE-4EAB-8A14-3F33D3CA4123}.Release|Any CPU.ActiveCfg = Release|Any CPU
		{C49FF41C-C8AE-4EAB-8A14-3F33D3CA4123}.Release|Any CPU.Build.0 = Release|Any CPU
		{0C3D9C4A-8BEA-4A3F-8097-83A67C31ED4E}.Debug|Any CPU.ActiveCfg = Debug|Any CPU
		{0C3D9C4A-8BEA-4A3F-8097-83A67C31ED4E}.Debug|Any CPU.Build.0 = Debug|Any CPU
		{0C3D9C4A-8BEA-4A3F-8097-83A67C31ED4E}.Release|Any CPU.ActiveCfg = Release|Any CPU
		{0C3D9C4A-8BEA-4A3F-8097-83A67C31ED4E}.Release|Any CPU.Build.0 = Release|Any CPU
		{F9E72779-C82E-46E6-8C5B-3BA019196D77}.Debug|Any CPU.ActiveCfg = Debug|Any CPU
		{F9E72779-C82E-46E6-8C5B-3BA019196D77}.Debug|Any CPU.Build.0 = Debug|Any CPU
		{F9E72779-C82E-46E6-8C5B-3BA019196D77}.Release|Any CPU.ActiveCfg = Release|Any CPU
		{F9E72779-C82E-46E6-8C5B-3BA019196D77}.Release|Any CPU.Build.0 = Release|Any CPU
		{959958FD-2803-48F0-BA6F-3B8D3CAD5B47}.Debug|Any CPU.ActiveCfg = Debug|Any CPU
		{959958FD-2803-48F0-BA6F-3B8D3CAD5B47}.Debug|Any CPU.Build.0 = Debug|Any CPU
		{959958FD-2803-48F0-BA6F-3B8D3CAD5B47}.Release|Any CPU.ActiveCfg = Release|Any CPU
		{959958FD-2803-48F0-BA6F-3B8D3CAD5B47}.Release|Any CPU.Build.0 = Release|Any CPU
		{2389CC77-466F-45E9-AB6E-B63B7A4FEA6E}.Debug|Any CPU.ActiveCfg = Debug|Any CPU
		{2389CC77-466F-45E9-AB6E-B63B7A4FEA6E}.Debug|Any CPU.Build.0 = Debug|Any CPU
		{2389CC77-466F-45E9-AB6E-B63B7A4FEA6E}.Release|Any CPU.ActiveCfg = Release|Any CPU
		{2389CC77-466F-45E9-AB6E-B63B7A4FEA6E}.Release|Any CPU.Build.0 = Release|Any CPU
	EndGlobalSection
	GlobalSection(SolutionProperties) = preSolution
		HideSolutionNode = FALSE
	EndGlobalSection
	GlobalSection(NestedProjects) = preSolution
		{0D1FBE30-745E-4504-9C20-579F38A7BC35} = {00784FED-89A6-448E-AB0D-4063CC6B4B05}
		{0C0E9C68-6F22-4883-8993-6BFC1BDB99BD} = {00784FED-89A6-448E-AB0D-4063CC6B4B05}
		{4FE9F9B9-0D47-4E99-B8DB-03F75C2B55C7} = {00784FED-89A6-448E-AB0D-4063CC6B4B05}
		{9B3CFDE3-B457-425B-8807-47FD59FF6D4D} = {00784FED-89A6-448E-AB0D-4063CC6B4B05}
		{9C05C52C-B791-4A19-9072-36BF1F744295} = {00784FED-89A6-448E-AB0D-4063CC6B4B05}
		{38C11F4D-42E2-450C-ACBF-5FE7AE93892E} = {4AC7BDDE-57E0-41F6-B99F-711C8779C667}
		{43525ABE-B9EF-4EF8-B1DE-545BADE2E65B} = {4AC7BDDE-57E0-41F6-B99F-711C8779C667}
		{AF901141-3B63-4753-AD57-617742FB7CFC} = {4AC7BDDE-57E0-41F6-B99F-711C8779C667}
		{A4FEEA1A-5E8F-4ECC-B45F-8A19A526730D} = {4AC7BDDE-57E0-41F6-B99F-711C8779C667}
		{89A371BF-F86D-4AA1-9170-05DD51F8D7D6} = {4AC7BDDE-57E0-41F6-B99F-711C8779C667}
		{F9B0FF4F-9539-476F-AFCA-06BD566291B6} = {33AB71D7-D3A1-4B13-A081-F4BFCE4136B9}
		{0F2A99E8-8932-4B93-85DC-36E9F9DFD4B6} = {33AB71D7-D3A1-4B13-A081-F4BFCE4136B9}
		{5C4D1B20-AE22-4688-B4A8-4AED718A2C6F} = {33AB71D7-D3A1-4B13-A081-F4BFCE4136B9}
		{224D7785-C57B-41C4-A493-5111B96CCE3B} = {33AB71D7-D3A1-4B13-A081-F4BFCE4136B9}
		{C49FF41C-C8AE-4EAB-8A14-3F33D3CA4123} = {9F8B0223-B662-44B4-A6E5-F1F158B5B209}
		{0C3D9C4A-8BEA-4A3F-8097-83A67C31ED4E} = {9F8B0223-B662-44B4-A6E5-F1F158B5B209}
		{F9E72779-C82E-46E6-8C5B-3BA019196D77} = {9F8B0223-B662-44B4-A6E5-F1F158B5B209}
		{959958FD-2803-48F0-BA6F-3B8D3CAD5B47} = {9F8B0223-B662-44B4-A6E5-F1F158B5B209}
		{2389CC77-466F-45E9-AB6E-B63B7A4FEA6E} = {31B42EFA-CDCC-486B-8E19-57F1939BC87A}
	EndGlobalSection
	GlobalSection(ExtensibilityGlobals) = postSolution
		SolutionGuid = {55E0EC08-A386-42E1-BC97-BAA3889108BA}
	EndGlobalSection
EndGlobal
